github.com/davecgh/go-spew v1.1.0 h1:ZDRjVQ15GmhC3fiQ8ni8+OwkZQO4DARzQgrnXU1Liz8=
github.com/davecgh/go-spew v1.1.0/go.mod h1:J7Y8YcW2NihsgmVo/mv3lAwl/skON4iLHjSsI+c5H38=
github.com/pmezard/go-difflib v1.0.0 h1:4DBwDE0NGyQoBHbLQYPwSUPoCMWR5BEzIk/f1lZbAQM=
github.com/pmezard/go-difflib v1.0.0/go.mod h1:iKH77koFhYxTK1pcRnkKkqfTogsbg7gZNVY4sRDYZ/4=
github.com/smacker/go-tree-sitter v0.0.0-20191120151204-b4adc5db3a99 h1:bFL5CorAtndjjOhp41I9uyQ9W4fIa4k7aJC+fqdbZqk=
github.com/smacker/go-tree-sitter v0.0.0-20191120151204-b4adc5db3a99/go.mod h1:EiUuVMUfLQj8Sul+S8aKWJwQy7FRYnJCO2EWzf8F5hk=
github.com/smacker/go-tree-sitter v0.0.0-20191125232205-55fb68a723c8 h1:Ysj2N8AMf/1cTT8q0fwIOkwQ2E78bxqsEyTqb2KWI1Y=
github.com/src-d/enry/v2 v2.1.0 h1:z1L8t+B8bh3mmjPkJrgOTnVRpFGmTPJsplHX9wAn6BI=
github.com/src-d/enry/v2 v2.1.0/go.mod h1:qQeCMRwzMF3ckeGr+h0tJLdxXnq+NVZsIDMELj0t028=
github.com/src-d/go-oniguruma v1.1.0 h1:EG+Nm5n2JqWUaCjtM0NtutPxU7ZN5Tp50GWrrV8bTww=
github.com/src-d/go-oniguruma v1.1.0/go.mod h1:chVbff8kcVtmrhxtZ3yBVLLquXbzCS6DrxQaAK/CeqM=
github.com/stretchr/objx v0.1.0/go.mod h1:HFkY916IF+rwdDfMAkV7OtwuqBVzrE8GR6GFx+wExME=
github.com/stretchr/testify v1.3.0/go.mod h1:M5WIy9Dh21IEIfnGCwXGc5bZfKNJtfHm1UVUgZn+9EI=
github.com/stretchr/testify v1.4.0 h1:2E4SXV/wtOkTonXsotYi4li6zVWxYlZuYNCXe9XRJyk=
github.com/stretchr/testify v1.4.0/go.mod h1:j7eGeouHqKxXV5pUuKE4zz7dFj8WfuZ+81PSLYec5m4=
github.com/toqueteos/trie v1.0.0 h1:8i6pXxNUXNRAqP246iibb7w/pSFquNTQ+uNfriG7vlk=
github.com/toqueteos/trie v1.0.0/go.mod h1:Ywk48QhEqhU1+DwhMkJ2x7eeGxDHiGkAdc9+0DYcbsM=
gopkg.in/check.v1 v0.0.0-20161208181325-20d25e280405 h1:yhCVgyC4o1eVCa2tZl7eS0r+SDo693bJlVdllGtEeKM=
gopkg.in/check.v1 v0.0.0-20161208181325-20d25e280405/go.mod h1:Co6ibVJAznAaIkqp8huTwlJQCZ016jof/cbN4VW5Yz0=
gopkg.in/toqueteos/substring.v1 v1.0.2 h1:urLqCeMm6x/eTuQa1oZerNw8N1KNOIp5hD5kGL7lFsE=
gopkg.in/toqueteos/substring.v1 v1.0.2/go.mod h1:Eb2Z1UYehlVK8LYW2WBVR2rwbujsz3aX8XDrM1vbNew=
gopkg.in/yaml.v2 v2.2.2 h1:ZCJp+EgiOT7lHqUV2J862kp8Qj64Jo6az82+3Td9dZw=
gopkg.in/yaml.v2 v2.2.2/go.mod h1:hI93XBmqTisBFMUTm0b8Fm+jr3Dg1NNxqwp+5A1VGuI=
